{
  "requires": true,
  "lockfileVersion": 1,
  "dependencies": {
    "jquery": {
      "version": "3.5.1",
      "resolved": "https://registry.npmjs.org/jquery/-/jquery-3.5.1.tgz",
      "integrity": "sha512-XwIBPqcMn57FxfT+Go5pzySnm4KWkT1Tv7gjrpT1srtf8Weynl6R273VJ5GjkRb51IzMp5nbaPjJXMWeju2MKg=="
    },
    "splitting": {
      "version": "1.0.6",
      "resolved": "https://registry.npmjs.org/splitting/-/splitting-1.0.6.tgz",
      "integrity": "sha512-2hYicS/hTy1MgjTi4ST6B298uoLSx854VfTf0FeMmCeE6OiZjEixTOGPLqnNzSaM/y3jwoEYj5pmDzYFwRInPw=="
    }
  }
}
